<?xml version="1.0" encoding="utf-8"?>
<Project ToolsVersion="4.0" xmlns="http://schemas.microsoft.com/developer/msbuild/2003">
  <ItemGroup>
    <ClCompile Include="src\app.cpp">
      <Filter>src</Filter>
    </ClCompile>
    <ClCompile Include="src\imgui_utils.cpp">
      <Filter>src</Filter>
    </ClCompile>
    <ClCompile Include="src\main.cpp">
      <Filter>src</Filter>
    </ClCompile>
    <ClCompile Include="externals\src\imgui.cpp">
      <Filter>externals</Filter>
    </ClCompile>
    <ClCompile Include="externals\src\imgui_demo.cpp">
      <Filter>externals</Filter>
    </ClCompile>
    <ClCompile Include="externals\src\imgui_draw.cpp">
      <Filter>externals</Filter>
    </ClCompile>
    <ClCompile Include="externals\src\imgui_impl_glfw.cpp">
      <Filter>externals</Filter>
    </ClCompile>
    <ClCompile Include="externals\src\imgui_impl_opengl3.cpp">
      <Filter>externals</Filter>
    </ClCompile>
    <ClCompile Include="externals\src\imgui_tables.cpp">
      <Filter>externals</Filter>
    </ClCompile>
    <ClCompile Include="externals\src\imgui_widgets.cpp">
      <Filter>externals</Filter>
    </ClCompile>
    <ClCompile Include="externals\src\stb_image.cpp">
      <Filter>externals</Filter>
    </ClCompile>
    <ClCompile Include="src\entity.cpp" />
    <ClCompile Include="src\game.cpp" />
    <ClCompile Include="src\resources.cpp" />
    <ClCompile Include="src\tilemap.cpp" />
    <ClCompile Include="src\UI.cpp" />
    <ClCompile Include="src\entities\entity_enemy.cpp" />
    <ClCompile Include="src\entities\entity_tower.cpp" />
  </ItemGroup>
  <ItemGroup>
    <ClInclude Include="src\app.hpp">
      <Filter>src</Filter>
    </ClInclude>
    <ClInclude Include="src\imgui_utils.hpp">
      <Filter>src</Filter>
    </ClInclude>
    <ClInclude Include="src\calc.hpp" />
    <ClInclude Include="src\constants.hpp" />
    <ClInclude Include="src\entity.hpp" />
    <ClInclude Include="src\game.hpp" />
    <ClInclude Include="src\resources.hpp" />
    <ClInclude Include="src\tilemap.hpp" />
    <ClInclude Include="src\UI.hpp" />
    <ClInclude Include="src\entities\entity_enemy.hpp" />
    <ClInclude Include="src\entities\entity_tower.hpp" />
  </ItemGroup>
  <ItemGroup>
    <Filter Include="src">
      <UniqueIdentifier>{d0dab916-f416-4d00-9162-9c88687021f7}</UniqueIdentifier>
    </Filter>
    <Filter Include="externals">
      <UniqueIdentifier>{adcf2b31-4982-46f4-b41b-28e85e73017e}</UniqueIdentifier>
    </Filter>
    <Filter Include="assets">
      <UniqueIdentifier>{b8762939-6a22-4333-8733-1c12ff9c623b}</UniqueIdentifier>
    </Filter>
    <Filter Include="third_party">
      <UniqueIdentifier>{852e34fb-2182-4713-994b-829545ecd9f0}</UniqueIdentifier>
    </Filter>
    <Filter Include="src\entities">
      <UniqueIdentifier>{05e6e3b6-f7fa-4adb-b99d-4e262e1ddeb4}</UniqueIdentifier>
    </Filter>
  </ItemGroup>
</Project>